
Microsoft Visual Studio Solution File, Format Version 12.00
# Visual Studio Version 16
VisualStudioVersion = 16.0.29009.5
MinimumVisualStudioVersion = 10.0.40219.1
Project("{FAE04EC0-301F-11D3-BF4B-00C04F79EFBC}") = "XYZTravelAgency-DharmeshPatel", "XYZTravelAgency-DharmeshPatel\XYZTravelAgency-DharmeshPatel.csproj", "{D39ED40F-3950-4F12-A5E6-066D49C89A8C}"
EndProject
Global
	GlobalSection(SolutionConfigurationPlatforms) = preSolution
		Debug|Any CPU = Debug|Any CPU
		Release|Any CPU = Release|Any CPU
	EndGlobalSection
	GlobalSection(ProjectConfigurationPlatforms) = postSolution
		{D39ED40F-3950-4F12-A5E6-066D49C89A8C}.Debug|Any CPU.ActiveCfg = Debug|Any CPU
		{D39ED40F-3950-4F12-A5E6-066D49C89A8C}.Debug|Any CPU.Build.0 = Debug|Any CPU
		{D39ED40F-3950-4F12-A5E6-066D49C89A8C}.Release|Any CPU.ActiveCfg = Release|Any CPU
		{D39ED40F-3950-4F12-A5E6-066D49C89A8C}.Release|Any CPU.Build.0 = Release|Any CPU
	EndGlobalSection
	GlobalSection(SolutionProperties) = preSolution
		HideSolutionNode = FALSE
	EndGlobalSection
	GlobalSection(ExtensibilityGlobals) = postSolution
		SolutionGuid = {EC243B09-8254-4A25-9EAB-863A015D47A9}
	EndGlobalSection
EndGlobal
